// !$*UTF8*$!
{
	archiveVersion = 1;
	classes = {
	};
	objectVersion = 55;
	objects = {

/* Begin PBXBuildFile section */
		ED2694D028889B9B00613166 /* lazyViewController.swift in Sources */ = {isa = PBXBuildFile; fileRef = ED2694CF28889B9B00613166 /* lazyViewController.swift */; };
		ED2694D228889BD300613166 /* productiveViewController.swift in Sources */ = {isa = PBXBuildFile; fileRef = ED2694D128889BD300613166 /* productiveViewController.swift */; };
		ED2694D428889BF600613166 /* comfortViewController.swift in Sources */ = {isa = PBXBuildFile; fileRef = ED2694D328889BF600613166 /* comfortViewController.swift */; };
		ED2694D628889C8D00613166 /* motivationViewController.swift in Sources */ = {isa = PBXBuildFile; fileRef = ED2694D528889C8D00613166 /* motivationViewController.swift */; };
		ED2694D828889D1000613166 /* energyLevelsViewController.swift in Sources */ = {isa = PBXBuildFile; fileRef = ED2694D728889D1000613166 /* energyLevelsViewController.swift */; };
		ED82F3D52887397500E71DE0 /* AppDelegate.swift in Sources */ = {isa = PBXBuildFile; fileRef = ED82F3D42887397500E71DE0 /* AppDelegate.swift */; };
		ED82F3D72887397500E71DE0 /* SceneDelegate.swift in Sources */ = {isa = PBXBuildFile; fileRef = ED82F3D62887397500E71DE0 /* SceneDelegate.swift */; };
		ED82F3D92887397500E71DE0 /* ViewController.swift in Sources */ = {isa = PBXBuildFile; fileRef = ED82F3D82887397500E71DE0 /* ViewController.swift */; };
		ED82F3DC2887397500E71DE0 /* Main.storyboard in Resources */ = {isa = PBXBuildFile; fileRef = ED82F3DA2887397500E71DE0 /* Main.storyboard */; };
		ED82F3DF2887397500E71DE0 /* Prodactive.xcdatamodeld in Sources */ = {isa = PBXBuildFile; fileRef = ED82F3DD2887397500E71DE0 /* Prodactive.xcdatamodeld */; };
		ED82F3E12887397800E71DE0 /* Assets.xcassets in Resources */ = {isa = PBXBuildFile; fileRef = ED82F3E02887397800E71DE0 /* Assets.xcassets */; };
		ED82F3E42887397800E71DE0 /* LaunchScreen.storyboard in Resources */ = {isa = PBXBuildFile; fileRef = ED82F3E22887397800E71DE0 /* LaunchScreen.storyboard */; };
		EDA05466288A90B10061AE5A /* JournalCell.swift in Sources */ = {isa = PBXBuildFile; fileRef = EDA05465288A90B10061AE5A /* JournalCell.swift */; };
		EDA05468288A90C70061AE5A /* JournalTableView.swift in Sources */ = {isa = PBXBuildFile; fileRef = EDA05467288A90C70061AE5A /* JournalTableView.swift */; };
		EDA0546A288A90E50061AE5A /* JournalDetailViewController.swift in Sources */ = {isa = PBXBuildFile; fileRef = EDA05469288A90E50061AE5A /* JournalDetailViewController.swift */; };
		EDA4AD18288A94B2008195E8 /* Journal.swift in Sources */ = {isa = PBXBuildFile; fileRef = EDA4AD17288A94B2008195E8 /* Journal.swift */; };
/* End PBXBuildFile section */

/* Begin PBXFileReference section */
		ED2694CF28889B9B00613166 /* lazyViewController.swift */ = {isa = PBXFileReference; lastKnownFileType = sourcecode.swift; path = lazyViewController.swift; sourceTree = "<group>"; };
		ED2694D128889BD300613166 /* productiveViewController.swift */ = {isa = PBXFileReference; lastKnownFileType = sourcecode.swift; path = productiveViewController.swift; sourceTree = "<group>"; };
		ED2694D328889BF600613166 /* comfortViewController.swift */ = {isa = PBXFileReference; lastKnownFileType = sourcecode.swift; path = comfortViewController.swift; sourceTree = "<group>"; };
		ED2694D528889C8D00613166 /* motivationViewController.swift */ = {isa = PBXFileReference; lastKnownFileType = sourcecode.swift; path = motivationViewController.swift; sourceTree = "<group>"; };
		ED2694D728889D1000613166 /* energyLevelsViewController.swift */ = {isa = PBXFileReference; lastKnownFileType = sourcecode.swift; path = energyLevelsViewController.swift; sourceTree = "<group>"; };
		ED82F3D12887397500E71DE0 /* Prodactive.app */ = {isa = PBXFileReference; explicitFileType = wrapper.application; includeInIndex = 0; path = Prodactive.app; sourceTree = BUILT_PRODUCTS_DIR; };
		ED82F3D42887397500E71DE0 /* AppDelegate.swift */ = {isa = PBXFileReference; lastKnownFileType = sourcecode.swift; path = AppDelegate.swift; sourceTree = "<group>"; };
		ED82F3D62887397500E71DE0 /* SceneDelegate.swift */ = {isa = PBXFileReference; lastKnownFileType = sourcecode.swift; path = SceneDelegate.swift; sourceTree = "<group>"; };
		ED82F3D82887397500E71DE0 /* ViewController.swift */ = {isa = PBXFileReference; lastKnownFileType = sourcecode.swift; path = ViewController.swift; sourceTree = "<group>"; };
		ED82F3DB2887397500E71DE0 /* Base */ = {isa = PBXFileReference; lastKnownFileType = file.storyboard; name = Base; path = Base.lproj/Main.storyboard; sourceTree = "<group>"; };
		ED82F3DE2887397500E71DE0 /* Prodactive.xcdatamodel */ = {isa = PBXFileReference; lastKnownFileType = wrapper.xcdatamodel; path = Prodactive.xcdatamodel; sourceTree = "<group>"; };
		ED82F3E02887397800E71DE0 /* Assets.xcassets */ = {isa = PBXFileReference; lastKnownFileType = folder.assetcatalog; path = Assets.xcassets; sourceTree = "<group>"; };
		ED82F3E32887397800E71DE0 /* Base */ = {isa = PBXFileReference; lastKnownFileType = file.storyboard; name = Base; path = Base.lproj/LaunchScreen.storyboard; sourceTree = "<group>"; };
		ED82F3E52887397800E71DE0 /* Info.plist */ = {isa = PBXFileReference; lastKnownFileType = text.plist.xml; path = Info.plist; sourceTree = "<group>"; };
		EDA05465288A90B10061AE5A /* JournalCell.swift */ = {isa = PBXFileReference; lastKnownFileType = sourcecode.swift; path = JournalCell.swift; sourceTree = "<group>"; };
		EDA05467288A90C70061AE5A /* JournalTableView.swift */ = {isa = PBXFileReference; lastKnownFileType = sourcecode.swift; path = JournalTableView.swift; sourceTree = "<group>"; };
		EDA05469288A90E50061AE5A /* JournalDetailViewController.swift */ = {isa = PBXFileReference; lastKnownFileType = sourcecode.swift; path = JournalDetailViewController.swift; sourceTree = "<group>"; };
		EDA4AD17288A94B2008195E8 /* Journal.swift */ = {isa = PBXFileReference; lastKnownFileType = sourcecode.swift; path = Journal.swift; sourceTree = "<group>"; };
/* End PBXFileReference section */

/* Begin PBXFrameworksBuildPhase section */
		ED82F3CE2887397500E71DE0 /* Frameworks */ = {
			isa = PBXFrameworksBuildPhase;
			buildActionMask = 2147483647;
			files = (
			);
			runOnlyForDeploymentPostprocessing = 0;
		};
/* End PBXFrameworksBuildPhase section */

/* Begin PBXGroup section */
		ED82F3C82887397500E71DE0 = {
			isa = PBXGroup;
			children = (
				EDA05465288A90B10061AE5A /* JournalCell.swift */,
				EDA05467288A90C70061AE5A /* JournalTableView.swift */,
				EDA05469288A90E50061AE5A /* JournalDetailViewController.swift */,
				EDA4AD17288A94B2008195E8 /* Journal.swift */,
				ED82F3D32887397500E71DE0 /* Prodactive */,
				ED82F3D22887397500E71DE0 /* Products */,
			);
			sourceTree = "<group>";
		};
		ED82F3D22887397500E71DE0 /* Products */ = {
			isa = PBXGroup;
			children = (
				ED82F3D12887397500E71DE0 /* Prodactive.app */,
			);
			name = Products;
			sourceTree = "<group>";
		};
		ED82F3D32887397500E71DE0 /* Prodactive */ = {
			isa = PBXGroup;
			children = (
				ED82F3D42887397500E71DE0 /* AppDelegate.swift */,
				ED82F3D62887397500E71DE0 /* SceneDelegate.swift */,
				ED82F3D82887397500E71DE0 /* ViewController.swift */,
				ED82F3DA2887397500E71DE0 /* Main.storyboard */,
				ED2694D728889D1000613166 /* energyLevelsViewController.swift */,
				ED2694D528889C8D00613166 /* motivationViewController.swift */,
				ED2694D328889BF600613166 /* comfortViewController.swift */,
				ED2694D128889BD300613166 /* productiveViewController.swift */,
				ED2694CF28889B9B00613166 /* lazyViewController.swift */,
				ED82F3E02887397800E71DE0 /* Assets.xcassets */,
				ED82F3E22887397800E71DE0 /* LaunchScreen.storyboard */,
				ED82F3E52887397800E71DE0 /* Info.plist */,
				ED82F3DD2887397500E71DE0 /* Prodactive.xcdatamodeld */,
			);
			path = Prodactive;
			sourceTree = "<group>";
		};
/* End PBXGroup section */

/* Begin PBXNativeTarget section */
		ED82F3D02887397500E71DE0 /* Prodactive */ = {
			isa = PBXNativeTarget;
			buildConfigurationList = ED82F3E82887397800E71DE0 /* Build configuration list for PBXNativeTarget "Prodactive" */;
			buildPhases = (
				ED82F3CD2887397500E71DE0 /* Sources */,
				ED82F3CE2887397500E71DE0 /* Frameworks */,
				ED82F3CF2887397500E71DE0 /* Resources */,
			);
			buildRules = (
			);
			dependencies = (
			);
			name = Prodactive;
			productName = Prodactive;
			productReference = ED82F3D12887397500E71DE0 /* Prodactive.app */;
			productType = "com.apple.product-type.application";
		};
/* End PBXNativeTarget section */

/* Begin PBXProject section */
		ED82F3C92887397500E71DE0 /* Project object */ = {
			isa = PBXProject;
			attributes = {
				BuildIndependentTargetsInParallel = 1;
				LastSwiftUpdateCheck = 1340;
				LastUpgradeCheck = 1340;
				TargetAttributes = {
					ED82F3D02887397500E71DE0 = {
						CreatedOnToolsVersion = 13.4.1;
					};
				};
			};
			buildConfigurationList = ED82F3CC2887397500E71DE0 /* Build configuration list for PBXProject "Prodactive" */;
			compatibilityVersion = "Xcode 13.0";
			developmentRegion = en;
			hasScannedForEncodings = 0;
			knownRegions = (
				en,
				Base,
			);
			mainGroup = ED82F3C82887397500E71DE0;
			productRefGroup = ED82F3D22887397500E71DE0 /* Products */;
			projectDirPath = "";
			projectRoot = "";
			targets = (
				ED82F3D02887397500E71DE0 /* Prodactive */,
			);
		};
/* End PBXProject section */

/* Begin PBXResourcesBuildPhase section */
		ED82F3CF2887397500E71DE0 /* Resources */ = {
			isa = PBXResourcesBuildPhase;
			buildActionMask = 2147483647;
			files = (
				ED82F3E42887397800E71DE0 /* LaunchScreen.storyboard in Resources */,
				ED82F3E12887397800E71DE0 /* Assets.xcassets in Resources */,
				ED82F3DC2887397500E71DE0 /* Main.storyboard in Resources */,
			);
			runOnlyForDeploymentPostprocessing = 0;
		};
/* End PBXResourcesBuildPhase section */

/* Begin PBXSourcesBuildPhase section */
		ED82F3CD2887397500E71DE0 /* Sources */ = {
			isa = PBXSourcesBuildPhase;
			buildActionMask = 2147483647;
			files = (
				ED2694D028889B9B00613166 /* lazyViewController.swift in Sources */,
				EDA05468288A90C70061AE5A /* JournalTableView.swift in Sources */,
				ED82F3DF2887397500E71DE0 /* Prodactive.xcdatamodeld in Sources */,
				ED2694D628889C8D00613166 /* motivationViewController.swift in Sources */,
				EDA05466288A90B10061AE5A /* JournalCell.swift in Sources */,
				ED2694D828889D1000613166 /* energyLevelsViewController.swift in Sources */,
				ED82F3D92887397500E71DE0 /* ViewController.swift in Sources */,
				EDA0546A288A90E50061AE5A /* JournalDetailViewController.swift in Sources */,
				ED82F3D52887397500E71DE0 /* AppDelegate.swift in Sources */,
				EDA4AD18288A94B2008195E8 /* Journal.swift in Sources */,
				ED82F3D72887397500E71DE0 /* SceneDelegate.swift in Sources */,
				ED2694D228889BD300613166 /* productiveViewController.swift in Sources */,
				ED2694D428889BF600613166 /* comfortViewController.swift in Sources */,
			);
			runOnlyForDeploymentPostprocessing = 0;
		};
/* End PBXSourcesBuildPhase section */

/* Begin PBXVariantGroup section */
		ED82F3DA2887397500E71DE0 /* Main.storyboard */ = {
			isa = PBXVariantGroup;
			children = (
				ED82F3DB2887397500E71DE0 /* Base */,
			);
			name = Main.storyboard;
			sourceTree = "<group>";
		};
		ED82F3E22887397800E71DE0 /* LaunchScreen.storyboard */ = {
			isa = PBXVariantGroup;
			children = (
				ED82F3E32887397800E71DE0 /* Base */,
			);
			name = LaunchScreen.storyboard;
			sourceTree = "<group>";
		};
/* End PBXVariantGroup section */

/* Begin XCBuildConfiguration section */
		ED82F3E62887397800E71DE0 /* Debug */ = {
			isa = XCBuildConfiguration;
			buildSettings = {
				ALWAYS_SEARCH_USER_PATHS = NO;
				CLANG_ANALYZER_NONNULL = YES;
				CLANG_ANALYZER_NUMBER_OBJECT_CONVERSION = YES_AGGRESSIVE;
				CLANG_CXX_LANGUAGE_STANDARD = "gnu++17";
				CLANG_ENABLE_MODULES = YES;
				CLANG_ENABLE_OBJC_ARC = YES;
				CLANG_ENABLE_OBJC_WEAK = YES;
				CLANG_WARN_BLOCK_CAPTURE_AUTORELEASING = YES;
				CLANG_WARN_BOOL_CONVERSION = YES;
				CLANG_WARN_COMMA = YES;
				CLANG_WARN_CONSTANT_CONVERSION = YES;
				CLANG_WARN_DEPRECATED_OBJC_IMPLEMENTATIONS = YES;
				CLANG_WARN_DIRECT_OBJC_ISA_USAGE = YES_ERROR;
				CLANG_WARN_DOCUMENTATION_COMMENTS = YES;
				CLANG_WARN_EMPTY_BODY = YES;
				CLANG_WARN_ENUM_CONVERSION = YES;
				CLANG_WARN_INFINITE_RECURSION = YES;
				CLANG_WARN_INT_CONVERSION = YES;
				CLANG_WARN_NON_LITERAL_NULL_CONVERSION = YES;
				CLANG_WARN_OBJC_IMPLICIT_RETAIN_SELF = YES;
				CLANG_WARN_OBJC_LITERAL_CONVERSION = YES;
				CLANG_WARN_OBJC_ROOT_CLASS = YES_ERROR;
				CLANG_WARN_QUOTED_INCLUDE_IN_FRAMEWORK_HEADER = YES;
				CLANG_WARN_RANGE_LOOP_ANALYSIS = YES;
				CLANG_WARN_STRICT_PROTOTYPES = YES;
				CLANG_WARN_SUSPICIOUS_MOVE = YES;
				CLANG_WARN_UNGUARDED_AVAILABILITY = YES_AGGRESSIVE;
				CLANG_WARN_UNREACHABLE_CODE = YES;
				CLANG_WARN__DUPLICATE_METHOD_MATCH = YES;
				COPY_PHASE_STRIP = NO;
				DEBUG_INFORMATION_FORMAT = dwarf;
				ENABLE_STRICT_OBJC_MSGSEND = YES;
				ENABLE_TESTABILITY = YES;
				GCC_C_LANGUAGE_STANDARD = gnu11;
				GCC_DYNAMIC_NO_PIC = NO;
				GCC_NO_COMMON_BLOCKS = YES;
				GCC_OPTIMIZATION_LEVEL = 0;
				GCC_PREPROCESSOR_DEFINITIONS = (
					"DEBUG=1",
					"$(inherited)",
				);
				GCC_WARN_64_TO_32_BIT_CONVERSION = YES;
				GCC_WARN_ABOUT_RETURN_TYPE = YES_ERROR;
				GCC_WARN_UNDECLARED_SELECTOR = YES;
				GCC_WARN_UNINITIALIZED_AUTOS = YES_AGGRESSIVE;
				GCC_WARN_UNUSED_FUNCTION = YES;
				GCC_WARN_UNUSED_VARIABLE = YES;
				IPHONEOS_DEPLOYMENT_TARGET = 15.5;
				MTL_ENABLE_DEBUG_INFO = INCLUDE_SOURCE;
				MTL_FAST_MATH = YES;
				ONLY_ACTIVE_ARCH = YES;
				SDKROOT = iphoneos;
				SWIFT_ACTIVE_COMPILATION_CONDITIONS = DEBUG;
				SWIFT_OPTIMIZATION_LEVEL = "-Onone";
			};
			name = Debug;
		};
		ED82F3E72887397800E71DE0 /* Release */ = {
			isa = XCBuildConfiguration;
			buildSettings = {
				ALWAYS_SEARCH_USER_PATHS = NO;
				CLANG_ANALYZER_NONNULL = YES;
				CLANG_ANALYZER_NUMBER_OBJECT_CONVERSION = YES_AGGRESSIVE;
				CLANG_CXX_LANGUAGE_STANDARD = "gnu++17";
				CLANG_ENABLE_MODULES = YES;
				CLANG_ENABLE_OBJC_ARC = YES;
				CLANG_ENABLE_OBJC_WEAK = YES;
				CLANG_WARN_BLOCK_CAPTURE_AUTORELEASING = YES;
				CLANG_WARN_BOOL_CONVERSION = YES;
				CLANG_WARN_COMMA = YES;
				CLANG_WARN_CONSTANT_CONVERSION = YES;
				CLANG_WARN_DEPRECATED_OBJC_IMPLEMENTATIONS = YES;
				CLANG_WARN_DIRECT_OBJC_ISA_USAGE = YES_ERROR;
				CLANG_WARN_DOCUMENTATION_COMMENTS = YES;
				CLANG_WARN_EMPTY_BODY = YES;
				CLANG_WARN_ENUM_CONVERSION = YES;
				CLANG_WARN_INFINITE_RECURSION = YES;
				CLANG_WARN_INT_CONVERSION = YES;
				CLANG_WARN_NON_LITERAL_NULL_CONVERSION = YES;
				CLANG_WARN_OBJC_IMPLICIT_RETAIN_SELF = YES;
				CLANG_WARN_OBJC_LITERAL_CONVERSION = YES;
				CLANG_WARN_OBJC_ROOT_CLASS = YES_ERROR;
				CLANG_WARN_QUOTED_INCLUDE_IN_FRAMEWORK_HEADER = YES;
				CLANG_WARN_RANGE_LOOP_ANALYSIS = YES;
				CLANG_WARN_STRICT_PROTOTYPES = YES;
				CLANG_WARN_SUSPICIOUS_MOVE = YES;
				CLANG_WARN_UNGUARDED_AVAILABILITY = YES_AGGRESSIVE;
				CLANG_WARN_UNREACHABLE_CODE = YES;
				CLANG_WARN__DUPLICATE_METHOD_MATCH = YES;
				COPY_PHASE_STRIP = NO;
				DEBUG_INFORMATION_FORMAT = "dwarf-with-dsym";
				ENABLE_NS_ASSERTIONS = NO;
				ENABLE_STRICT_OBJC_MSGSEND = YES;
				GCC_C_LANGUAGE_STANDARD = gnu11;
				GCC_NO_COMMON_BLOCKS = YES;
				GCC_WARN_64_TO_32_BIT_CONVERSION = YES;
				GCC_WARN_ABOUT_RETURN_TYPE = YES_ERROR;
				GCC_WARN_UNDECLARED_SELECTOR = YES;
				GCC_WARN_UNINITIALIZED_AUTOS = YES_AGGRESSIVE;
				GCC_WARN_UNUSED_FUNCTION = YES;
				GCC_WARN_UNUSED_VARIABLE = YES;
				IPHONEOS_DEPLOYMENT_TARGET = 15.5;
				MTL_ENABLE_DEBUG_INFO = NO;
				MTL_FAST_MATH = YES;
				SDKROOT = iphoneos;
				SWIFT_COMPILATION_MODE = wholemodule;
				SWIFT_OPTIMIZATION_LEVEL = "-O";
				VALIDATE_PRODUCT = YES;
			};
			name = Release;
		};
		ED82F3E92887397800E71DE0 /* Debug */ = {
			isa = XCBuildConfiguration;
			buildSettings = {
				ASSETCATALOG_COMPILER_APPICON_NAME = AppIcon;
				ASSETCATALOG_COMPILER_GLOBAL_ACCENT_COLOR_NAME = AccentColor;
				CODE_SIGN_STYLE = Automatic;
				CURRENT_PROJECT_VERSION = 1;
				DEVELOPMENT_TEAM = 952J6LXBDN;
				GENERATE_INFOPLIST_FILE = YES;
				INFOPLIST_FILE = Prodactive/Info.plist;
				INFOPLIST_KEY_UIApplicationSupportsIndirectInputEvents = YES;
				INFOPLIST_KEY_UILaunchStoryboardName = LaunchScreen;
				INFOPLIST_KEY_UIMainStoryboardFile = Main;
				INFOPLIST_KEY_UISupportedInterfaceOrientations_iPad = "UIInterfaceOrientationPortrait UIInterfaceOrientationPortraitUpsideDown UIInterfaceOrientationLandscapeLeft UIInterfaceOrientationLandscapeRight";
				INFOPLIST_KEY_UISupportedInterfaceOrientations_iPhone = "UIInterfaceOrientationPortrait UIInterfaceOrientationLandscapeLeft UIInterfaceOrientationLandscapeRight";
				LD_RUNPATH_SEARCH_PATHS = (
					"$(inherited)",
					"@executable_path/Frameworks",
				);
				MARKETING_VERSION = 1.0;
				PRODUCT_BUNDLE_IDENTIFIER = KWK2022.Prodactive;
				PRODUCT_NAME = "$(TARGET_NAME)";
				SWIFT_EMIT_LOC_STRINGS = YES;
				SWIFT_VERSION = 5.0;
				TARGETED_DEVICE_FAMILY = "1,2";
			};
			name = Debug;
		};
		ED82F3EA2887397800E71DE0 /* Release */ = {
			isa = XCBuildConfiguration;
			buildSettings = {
				ASSETCATALOG_COMPILER_APPICON_NAME = AppIcon;
				ASSETCATALOG_COMPILER_GLOBAL_ACCENT_COLOR_NAME = AccentColor;
				CODE_SIGN_STYLE = Automatic;
				CURRENT_PROJECT_VERSION = 1;
				DEVELOPMENT_TEAM = 952J6LXBDN;
				GENERATE_INFOPLIST_FILE = YES;
				INFOPLIST_FILE = Prodactive/Info.plist;
				INFOPLIST_KEY_UIApplicationSupportsIndirectInputEvents = YES;
				INFOPLIST_KEY_UILaunchStoryboardName = LaunchScreen;
				INFOPLIST_KEY_UIMainStoryboardFile = Main;
				INFOPLIST_KEY_UISupportedInterfaceOrientations_iPad = "UIInterfaceOrientationPortrait UIInterfaceOrientationPortraitUpsideDown UIInterfaceOrientationLandscapeLeft UIInterfaceOrientationLandscapeRight";
				INFOPLIST_KEY_UISupportedInterfaceOrientations_iPhone = "UIInterfaceOrientationPortrait UIInterfaceOrientationLandscapeLeft UIInterfaceOrientationLandscapeRight";
				LD_RUNPATH_SEARCH_PATHS = (
					"$(inherited)",
					"@executable_path/Frameworks",
				);
				MARKETING_VERSION = 1.0;
				PRODUCT_BUNDLE_IDENTIFIER = KWK2022.Prodactive;
				PRODUCT_NAME = "$(TARGET_NAME)";
				SWIFT_EMIT_LOC_STRINGS = YES;
				SWIFT_VERSION = 5.0;
				TARGETED_DEVICE_FAMILY = "1,2";
			};
			name = Release;
		};
/* End XCBuildConfiguration section */

/* Begin XCConfigurationList section */
		ED82F3CC2887397500E71DE0 /* Build configuration list for PBXProject "Prodactive" */ = {
			isa = XCConfigurationList;
			buildConfigurations = (
				ED82F3E62887397800E71DE0 /* Debug */,
				ED82F3E72887397800E71DE0 /* Release */,
			);
			defaultConfigurationIsVisible = 0;
			defaultConfigurationName = Release;
		};
		ED82F3E82887397800E71DE0 /* Build configuration list for PBXNativeTarget "Prodactive" */ = {
			isa = XCConfigurationList;
			buildConfigurations = (
				ED82F3E92887397800E71DE0 /* Debug */,
				ED82F3EA2887397800E71DE0 /* Release */,
			);
			defaultConfigurationIsVisible = 0;
			defaultConfigurationName = Release;
		};
/* End XCConfigurationList section */

/* Begin XCVersionGroup section */
		ED82F3DD2887397500E71DE0 /* Prodactive.xcdatamodeld */ = {
			isa = XCVersionGroup;
			children = (
				ED82F3DE2887397500E71DE0 /* Prodactive.xcdatamodel */,
			);
			currentVersion = ED82F3DE2887397500E71DE0 /* Prodactive.xcdatamodel */;
			path = Prodactive.xcdatamodeld;
			sourceTree = "<group>";
			versionGroupType = wrapper.xcdatamodel;
		};
/* End XCVersionGroup section */
	};
	rootObject = ED82F3C92887397500E71DE0 /* Project object */;
}
